
Microsoft Visual Studio Solution File, Format Version 12.00
# Visual Studio Version 17
VisualStudioVersion = 17.2.32526.322
MinimumVisualStudioVersion = 10.0.40219.1
Project("{9A19103F-16F7-4668-BE54-9A1E7A4F7556}") = "BootCamp", "BootCamp\BootCamp.csproj", "{8988CD1E-FA1E-4674-8E89-E2ADF42C2559}"
EndProject
Project("{9A19103F-16F7-4668-BE54-9A1E7A4F7556}") = "Lib", "Lib\Lib.csproj", "{334C9FA9-504E-447A-99F7-92A6D9D4C8F2}"
EndProject
Project("{9A19103F-16F7-4668-BE54-9A1E7A4F7556}") = "Encapsulation", "Encapsulation\Encapsulation.csproj", "{FA163529-633A-4588-80C3-4DF6CE859021}"
EndProject
Project("{9A19103F-16F7-4668-BE54-9A1E7A4F7556}") = "Baby", "Baby\Baby.csproj", "{546B0860-5B45-4C94-AF30-3157F2CC36AB}"
EndProject
Project("{9A19103F-16F7-4668-BE54-9A1E7A4F7556}") = "Polymorphism", "Polymorphism\Polymorphism.csproj", "{91F44E5E-2BB9-4F1A-A236-1846CAD16B20}"
EndProject
Project("{9A19103F-16F7-4668-BE54-9A1E7A4F7556}") = "HomeWork1", "HomeWork1\HomeWork1.csproj", "{80816208-51D4-42D0-8100-137D87C010EB}"
EndProject
Project("{9A19103F-16F7-4668-BE54-9A1E7A4F7556}") = "VolleyBall", "Basketball\VolleyBall.csproj", "{FF6440EB-5A71-48F4-A4F0-8EB1953C3F43}"
EndProject
Project("{9A19103F-16F7-4668-BE54-9A1E7A4F7556}") = "VolleyBall_V2", "VolleyBall_V2\VolleyBall_V2.csproj", "{61A1FF8C-DCA2-4BAD-9A7B-3E2C53255910}"
EndProject
Project("{9A19103F-16F7-4668-BE54-9A1E7A4F7556}") = "ConsoleApp1", "ConsoleApp1\ConsoleApp1.csproj", "{360BAECD-2C86-489A-B521-5352A65450FC}"
EndProject
Project("{9A19103F-16F7-4668-BE54-9A1E7A4F7556}") = "AccessModifiers", "AccessModifiers\AccessModifiers.csproj", "{6FAC7414-76E1-463F-A5B1-891CD61509AF}"
EndProject
Project("{9A19103F-16F7-4668-BE54-9A1E7A4F7556}") = "Lib1", "Lib1\Lib1.csproj", "{235D36AD-DE1A-47BD-AC88-427D02D93C00}"
EndProject
Project("{9A19103F-16F7-4668-BE54-9A1E7A4F7556}") = "Lib2", "Lib2\Lib2.csproj", "{60952058-ABAE-4D0A-80D3-0DDAD414F570}"
EndProject
Project("{9A19103F-16F7-4668-BE54-9A1E7A4F7556}") = "PartialExample", "PartialExample\PartialExample.csproj", "{4AE39EAB-E8EF-4CC1-92CC-5C2DA2A0C7C3}"
EndProject
Project("{9A19103F-16F7-4668-BE54-9A1E7A4F7556}") = "MyDbContext", "MyDbContext\MyDbContext.csproj", "{081E6BCB-D426-4FFD-AFA2-01DE5120FEA6}"
EndProject
Project("{9A19103F-16F7-4668-BE54-9A1E7A4F7556}") = "ReferanceTypeExample", "ReferanceTypeExample\ReferanceTypeExample.csproj", "{1515F66A-C7CF-4C4A-8C96-CF6C82142E7B}"
EndProject
Project("{9A19103F-16F7-4668-BE54-9A1E7A4F7556}") = "LibraryApp", "LibraryApp\LibraryApp.csproj", "{9DDDB146-482B-498E-A9CF-FF25FFE5F228}"
EndProject
Project("{FAE04EC0-301F-11D3-BF4B-00C04F79EFBC}") = "HtmlCreater", "HtmlCreater\HtmlCreater.csproj", "{3E2D5C18-AA93-41EE-A259-91A1811225F5}"
EndProject
Global
	GlobalSection(SolutionConfigurationPlatforms) = preSolution
		Debug|Any CPU = Debug|Any CPU
		Release|Any CPU = Release|Any CPU
	EndGlobalSection
	GlobalSection(ProjectConfigurationPlatforms) = postSolution
		{8988CD1E-FA1E-4674-8E89-E2ADF42C2559}.Debug|Any CPU.ActiveCfg = Debug|Any CPU
		{8988CD1E-FA1E-4674-8E89-E2ADF42C2559}.Debug|Any CPU.Build.0 = Debug|Any CPU
		{8988CD1E-FA1E-4674-8E89-E2ADF42C2559}.Release|Any CPU.ActiveCfg = Release|Any CPU
		{8988CD1E-FA1E-4674-8E89-E2ADF42C2559}.Release|Any CPU.Build.0 = Release|Any CPU
		{334C9FA9-504E-447A-99F7-92A6D9D4C8F2}.Debug|Any CPU.ActiveCfg = Debug|Any CPU
		{334C9FA9-504E-447A-99F7-92A6D9D4C8F2}.Debug|Any CPU.Build.0 = Debug|Any CPU
		{334C9FA9-504E-447A-99F7-92A6D9D4C8F2}.Release|Any CPU.ActiveCfg = Release|Any CPU
		{334C9FA9-504E-447A-99F7-92A6D9D4C8F2}.Release|Any CPU.Build.0 = Release|Any CPU
		{FA163529-633A-4588-80C3-4DF6CE859021}.Debug|Any CPU.ActiveCfg = Debug|Any CPU
		{FA163529-633A-4588-80C3-4DF6CE859021}.Debug|Any CPU.Build.0 = Debug|Any CPU
		{FA163529-633A-4588-80C3-4DF6CE859021}.Release|Any CPU.ActiveCfg = Release|Any CPU
		{FA163529-633A-4588-80C3-4DF6CE859021}.Release|Any CPU.Build.0 = Release|Any CPU
		{546B0860-5B45-4C94-AF30-3157F2CC36AB}.Debug|Any CPU.ActiveCfg = Debug|Any CPU
		{546B0860-5B45-4C94-AF30-3157F2CC36AB}.Debug|Any CPU.Build.0 = Debug|Any CPU
		{546B0860-5B45-4C94-AF30-3157F2CC36AB}.Release|Any CPU.ActiveCfg = Release|Any CPU
		{546B0860-5B45-4C94-AF30-3157F2CC36AB}.Release|Any CPU.Build.0 = Release|Any CPU
		{91F44E5E-2BB9-4F1A-A236-1846CAD16B20}.Debug|Any CPU.ActiveCfg = Debug|Any CPU
		{91F44E5E-2BB9-4F1A-A236-1846CAD16B20}.Debug|Any CPU.Build.0 = Debug|Any CPU
		{91F44E5E-2BB9-4F1A-A236-1846CAD16B20}.Release|Any CPU.ActiveCfg = Release|Any CPU
		{91F44E5E-2BB9-4F1A-A236-1846CAD16B20}.Release|Any CPU.Build.0 = Release|Any CPU
		{80816208-51D4-42D0-8100-137D87C010EB}.Debug|Any CPU.ActiveCfg = Debug|Any CPU
		{80816208-51D4-42D0-8100-137D87C010EB}.Debug|Any CPU.Build.0 = Debug|Any CPU
		{80816208-51D4-42D0-8100-137D87C010EB}.Release|Any CPU.ActiveCfg = Release|Any CPU
		{80816208-51D4-42D0-8100-137D87C010EB}.Release|Any CPU.Build.0 = Release|Any CPU
		{FF6440EB-5A71-48F4-A4F0-8EB1953C3F43}.Debug|Any CPU.ActiveCfg = Debug|Any CPU
		{FF6440EB-5A71-48F4-A4F0-8EB1953C3F43}.Debug|Any CPU.Build.0 = Debug|Any CPU
		{FF6440EB-5A71-48F4-A4F0-8EB1953C3F43}.Release|Any CPU.ActiveCfg = Release|Any CPU
		{FF6440EB-5A71-48F4-A4F0-8EB1953C3F43}.Release|Any CPU.Build.0 = Release|Any CPU
		{61A1FF8C-DCA2-4BAD-9A7B-3E2C53255910}.Debug|Any CPU.ActiveCfg = Debug|Any CPU
		{61A1FF8C-DCA2-4BAD-9A7B-3E2C53255910}.Debug|Any CPU.Build.0 = Debug|Any CPU
		{61A1FF8C-DCA2-4BAD-9A7B-3E2C53255910}.Release|Any CPU.ActiveCfg = Release|Any CPU
		{61A1FF8C-DCA2-4BAD-9A7B-3E2C53255910}.Release|Any CPU.Build.0 = Release|Any CPU
		{360BAECD-2C86-489A-B521-5352A65450FC}.Debug|Any CPU.ActiveCfg = Debug|Any CPU
		{360BAECD-2C86-489A-B521-5352A65450FC}.Debug|Any CPU.Build.0 = Debug|Any CPU
		{360BAECD-2C86-489A-B521-5352A65450FC}.Release|Any CPU.ActiveCfg = Release|Any CPU
		{360BAECD-2C86-489A-B521-5352A65450FC}.Release|Any CPU.Build.0 = Release|Any CPU
		{6FAC7414-76E1-463F-A5B1-891CD61509AF}.Debug|Any CPU.ActiveCfg = Debug|Any CPU
		{6FAC7414-76E1-463F-A5B1-891CD61509AF}.Debug|Any CPU.Build.0 = Debug|Any CPU
		{6FAC7414-76E1-463F-A5B1-891CD61509AF}.Release|Any CPU.ActiveCfg = Release|Any CPU
		{6FAC7414-76E1-463F-A5B1-891CD61509AF}.Release|Any CPU.Build.0 = Release|Any CPU
		{235D36AD-DE1A-47BD-AC88-427D02D93C00}.Debug|Any CPU.ActiveCfg = Debug|Any CPU
		{235D36AD-DE1A-47BD-AC88-427D02D93C00}.Debug|Any CPU.Build.0 = Debug|Any CPU
		{235D36AD-DE1A-47BD-AC88-427D02D93C00}.Release|Any CPU.ActiveCfg = Release|Any CPU
		{235D36AD-DE1A-47BD-AC88-427D02D93C00}.Release|Any CPU.Build.0 = Release|Any CPU
		{60952058-ABAE-4D0A-80D3-0DDAD414F570}.Debug|Any CPU.ActiveCfg = Debug|Any CPU
		{60952058-ABAE-4D0A-80D3-0DDAD414F570}.Debug|Any CPU.Build.0 = Debug|Any CPU
		{60952058-ABAE-4D0A-80D3-0DDAD414F570}.Release|Any CPU.ActiveCfg = Release|Any CPU
		{60952058-ABAE-4D0A-80D3-0DDAD414F570}.Release|Any CPU.Build.0 = Release|Any CPU
		{4AE39EAB-E8EF-4CC1-92CC-5C2DA2A0C7C3}.Debug|Any CPU.ActiveCfg = Debug|Any CPU
		{4AE39EAB-E8EF-4CC1-92CC-5C2DA2A0C7C3}.Debug|Any CPU.Build.0 = Debug|Any CPU
		{4AE39EAB-E8EF-4CC1-92CC-5C2DA2A0C7C3}.Release|Any CPU.ActiveCfg = Release|Any CPU
		{4AE39EAB-E8EF-4CC1-92CC-5C2DA2A0C7C3}.Release|Any CPU.Build.0 = Release|Any CPU
		{081E6BCB-D426-4FFD-AFA2-01DE5120FEA6}.Debug|Any CPU.ActiveCfg = Debug|Any CPU
		{081E6BCB-D426-4FFD-AFA2-01DE5120FEA6}.Debug|Any CPU.Build.0 = Debug|Any CPU
		{081E6BCB-D426-4FFD-AFA2-01DE5120FEA6}.Release|Any CPU.ActiveCfg = Release|Any CPU
		{081E6BCB-D426-4FFD-AFA2-01DE5120FEA6}.Release|Any CPU.Build.0 = Release|Any CPU
		{1515F66A-C7CF-4C4A-8C96-CF6C82142E7B}.Debug|Any CPU.ActiveCfg = Debug|Any CPU
		{1515F66A-C7CF-4C4A-8C96-CF6C82142E7B}.Debug|Any CPU.Build.0 = Debug|Any CPU
		{1515F66A-C7CF-4C4A-8C96-CF6C82142E7B}.Release|Any CPU.ActiveCfg = Release|Any CPU
		{1515F66A-C7CF-4C4A-8C96-CF6C82142E7B}.Release|Any CPU.Build.0 = Release|Any CPU
		{9DDDB146-482B-498E-A9CF-FF25FFE5F228}.Debug|Any CPU.ActiveCfg = Debug|Any CPU
		{9DDDB146-482B-498E-A9CF-FF25FFE5F228}.Debug|Any CPU.Build.0 = Debug|Any CPU
		{9DDDB146-482B-498E-A9CF-FF25FFE5F228}.Release|Any CPU.ActiveCfg = Release|Any CPU
		{9DDDB146-482B-498E-A9CF-FF25FFE5F228}.Release|Any CPU.Build.0 = Release|Any CPU
		{3E2D5C18-AA93-41EE-A259-91A1811225F5}.Debug|Any CPU.ActiveCfg = Debug|Any CPU
		{3E2D5C18-AA93-41EE-A259-91A1811225F5}.Debug|Any CPU.Build.0 = Debug|Any CPU
		{3E2D5C18-AA93-41EE-A259-91A1811225F5}.Release|Any CPU.ActiveCfg = Release|Any CPU
		{3E2D5C18-AA93-41EE-A259-91A1811225F5}.Release|Any CPU.Build.0 = Release|Any CPU
	EndGlobalSection
	GlobalSection(SolutionProperties) = preSolution
		HideSolutionNode = FALSE
	EndGlobalSection
	GlobalSection(ExtensibilityGlobals) = postSolution
		SolutionGuid = {8F4045C3-8EC5-4B09-899A-163EB6A1CF35}
	EndGlobalSection
EndGlobal
