
Microsoft Visual Studio Solution File, Format Version 12.00
# Visual Studio Version 17
VisualStudioVersion = 17.2.32526.322
MinimumVisualStudioVersion = 10.0.40219.1
Project("{9A19103F-16F7-4668-BE54-9A1E7A4F7556}") = "BootCamp", "BootCamp\BootCamp.csproj", "{8988CD1E-FA1E-4674-8E89-E2ADF42C2559}"
EndProject
Project("{9A19103F-16F7-4668-BE54-9A1E7A4F7556}") = "Lib", "Lib\Lib.csproj", "{334C9FA9-504E-447A-99F7-92A6D9D4C8F2}"
EndProject
Project("{9A19103F-16F7-4668-BE54-9A1E7A4F7556}") = "Encapsulation", "Encapsulation\Encapsulation.csproj", "{FA163529-633A-4588-80C3-4DF6CE859021}"
EndProject
Project("{FAE04EC0-301F-11D3-BF4B-00C04F79EFBC}") = "Baby", "Baby\Baby.csproj", "{546B0860-5B45-4C94-AF30-3157F2CC36AB}"
EndProject
Project("{FAE04EC0-301F-11D3-BF4B-00C04F79EFBC}") = "Polymorphism", "Polymorphism\Polymorphism.csproj", "{91F44E5E-2BB9-4F1A-A236-1846CAD16B20}"
EndProject
Global
	GlobalSection(SolutionConfigurationPlatforms) = preSolution
		Debug|Any CPU = Debug|Any CPU
		Release|Any CPU = Release|Any CPU
	EndGlobalSection
	GlobalSection(ProjectConfigurationPlatforms) = postSolution
		{8988CD1E-FA1E-4674-8E89-E2ADF42C2559}.Debug|Any CPU.ActiveCfg = Debug|Any CPU
		{8988CD1E-FA1E-4674-8E89-E2ADF42C2559}.Debug|Any CPU.Build.0 = Debug|Any CPU
		{8988CD1E-FA1E-4674-8E89-E2ADF42C2559}.Release|Any CPU.ActiveCfg = Release|Any CPU
		{8988CD1E-FA1E-4674-8E89-E2ADF42C2559}.Release|Any CPU.Build.0 = Release|Any CPU
		{334C9FA9-504E-447A-99F7-92A6D9D4C8F2}.Debug|Any CPU.ActiveCfg = Debug|Any CPU
		{334C9FA9-504E-447A-99F7-92A6D9D4C8F2}.Debug|Any CPU.Build.0 = Debug|Any CPU
		{334C9FA9-504E-447A-99F7-92A6D9D4C8F2}.Release|Any CPU.ActiveCfg = Release|Any CPU
		{334C9FA9-504E-447A-99F7-92A6D9D4C8F2}.Release|Any CPU.Build.0 = Release|Any CPU
		{FA163529-633A-4588-80C3-4DF6CE859021}.Debug|Any CPU.ActiveCfg = Debug|Any CPU
		{FA163529-633A-4588-80C3-4DF6CE859021}.Debug|Any CPU.Build.0 = Debug|Any CPU
		{FA163529-633A-4588-80C3-4DF6CE859021}.Release|Any CPU.ActiveCfg = Release|Any CPU
		{FA163529-633A-4588-80C3-4DF6CE859021}.Release|Any CPU.Build.0 = Release|Any CPU
		{546B0860-5B45-4C94-AF30-3157F2CC36AB}.Debug|Any CPU.ActiveCfg = Debug|Any CPU
		{546B0860-5B45-4C94-AF30-3157F2CC36AB}.Debug|Any CPU.Build.0 = Debug|Any CPU
		{546B0860-5B45-4C94-AF30-3157F2CC36AB}.Release|Any CPU.ActiveCfg = Release|Any CPU
		{546B0860-5B45-4C94-AF30-3157F2CC36AB}.Release|Any CPU.Build.0 = Release|Any CPU
		{91F44E5E-2BB9-4F1A-A236-1846CAD16B20}.Debug|Any CPU.ActiveCfg = Debug|Any CPU
		{91F44E5E-2BB9-4F1A-A236-1846CAD16B20}.Debug|Any CPU.Build.0 = Debug|Any CPU
		{91F44E5E-2BB9-4F1A-A236-1846CAD16B20}.Release|Any CPU.ActiveCfg = Release|Any CPU
		{91F44E5E-2BB9-4F1A-A236-1846CAD16B20}.Release|Any CPU.Build.0 = Release|Any CPU
	EndGlobalSection
	GlobalSection(SolutionProperties) = preSolution
		HideSolutionNode = FALSE
	EndGlobalSection
	GlobalSection(ExtensibilityGlobals) = postSolution
		SolutionGuid = {8F4045C3-8EC5-4B09-899A-163EB6A1CF35}
	EndGlobalSection
EndGlobal
